<?xml version="1.0" encoding="utf-8"?>
<Project ToolsVersion="4.0" xmlns="http://schemas.microsoft.com/developer/msbuild/2003">
  <ItemGroup>
    <ClCompile Include="command.cpp" />
    <ClCompile Include="txt_parser.cpp" />
    <ClCompile Include="common.h" />
    <ClCompile Include="main.cpp" />
    <ClCompile Include="search1.cpp" />
  </ItemGroup>
  <ItemGroup>
    <ClInclude Include="cmd_parser.h" />
    <ClInclude Include="search1.h" />
    <ClInclude Include="command.h" />
  </ItemGroup>
  <ItemGroup>
    <Text Include="input_20_20.txt" />
  </ItemGroup>
</Project>