<?xml version="1.0" encoding="utf-8"?>
<Project ToolsVersion="4.0" xmlns="http://schemas.microsoft.com/developer/msbuild/2003">
  <ItemGroup>
    <ClCompile Include="command.cpp" />
    <ClCompile Include="txt_parser.cpp" />
    <ClCompile Include="common.h" />
    <ClCompile Include="main.cpp" />
    <ClCompile Include="search1.cpp" />
  </ItemGroup>
  <ItemGroup>
    <ClCompile Include="main.cpp">
      <Filter>소스 파일</Filter>
    </ClCompile>
    <ClCompile Include="searchByPhoneNumber.cpp">
      <Filter>소스 파일</Filter>
    </ClCompile>
    <ClCompile Include="searchByName.cpp">
      <Filter>소스 파일</Filter>
    </ClCompile>
    <ClCompile Include="command\mod.cpp">
      <Filter>소스 파일</Filter>
    </ClCompile>
    <ClCompile Include="command.cpp">
      <Filter>소스 파일</Filter>
    </ClCompile>
    <ClCompile Include="txt_parser.cpp">
      <Filter>소스 파일</Filter>
    </ClCompile>
    <ClCompile Include="DelCommand.cpp">
      <Filter>소스 파일</Filter>
    </ClCompile>
  </ItemGroup>
  <ItemGroup>
    <Text Include="input_20_20.txt">
      <Filter>리소스 파일</Filter>
    </Text>
  </ItemGroup>
  <ItemGroup>
    <ClInclude Include="searchByName.h">
      <Filter>헤더 파일</Filter>
    </ClInclude>
    <ClInclude Include="searchByPhoneNumber.h">
      <Filter>헤더 파일</Filter>
    </ClInclude>
    <ClInclude Include="common.h">
      <Filter>헤더 파일</Filter>
    </ClInclude>
    <ClInclude Include="cmd_parser.h">
      <Filter>헤더 파일</Filter>
    </ClInclude>
    <ClInclude Include="command\mod.h">
      <Filter>헤더 파일</Filter>
    </ClInclude>
    <ClCompile Include="common.h">
      <Filter>헤더 파일</Filter>
    </ClCompile>
    <ClCompile Include="search1.h">
      <Filter>헤더 파일</Filter>
    </ClCompile>
    <ClCompile Include="command.h">
      <Filter>헤더 파일</Filter>
    </ClCompile>
  </ItemGroup>
  <ItemGroup>
    <None Include="packages.config" />
  </ItemGroup>
</Project>